// !$*UTF8*$!
{
	archiveVersion = 1;
	classes = {
	};
	objectVersion = 46;
	objects = {

/* Begin PBXBuildFile section */
		50FC87731B4C2DE5004DEA8E /* AppDelegate.swift in Sources */ = {isa = PBXBuildFile; fileRef = 50FC87721B4C2DE5004DEA8E /* AppDelegate.swift */; };
		50FC87781B4C2DE5004DEA8E /* Main.storyboard in Resources */ = {isa = PBXBuildFile; fileRef = 50FC87761B4C2DE5004DEA8E /* Main.storyboard */; };
		50FC877A1B4C2DE5004DEA8E /* Images.xcassets in Resources */ = {isa = PBXBuildFile; fileRef = 50FC87791B4C2DE5004DEA8E /* Images.xcassets */; };
		50FC877D1B4C2DE5004DEA8E /* LaunchScreen.xib in Resources */ = {isa = PBXBuildFile; fileRef = 50FC877B1B4C2DE5004DEA8E /* LaunchScreen.xib */; };
		50FC87891B4C2DE6004DEA8E /* TraxMapKitTests.swift in Sources */ = {isa = PBXBuildFile; fileRef = 50FC87881B4C2DE6004DEA8E /* TraxMapKitTests.swift */; };
		50FC87971B4C2EA3004DEA8E /* GPX.swift in Sources */ = {isa = PBXBuildFile; fileRef = 50FC87921B4C2EA3004DEA8E /* GPX.swift */; };
		50FC87981B4C2EA3004DEA8E /* GPXViewController.swift in Sources */ = {isa = PBXBuildFile; fileRef = 50FC87931B4C2EA3004DEA8E /* GPXViewController.swift */; };
		50FC87991B4C2EA3004DEA8E /* ImageViewController.swift in Sources */ = {isa = PBXBuildFile; fileRef = 50FC87941B4C2EA3004DEA8E /* ImageViewController.swift */; };
		50FC879A1B4C2EA3004DEA8E /* MKGPX.swift in Sources */ = {isa = PBXBuildFile; fileRef = 50FC87951B4C2EA3004DEA8E /* MKGPX.swift */; };
/* End PBXBuildFile section */

/* Begin PBXContainerItemProxy section */
		50FC87831B4C2DE5004DEA8E /* PBXContainerItemProxy */ = {
			isa = PBXContainerItemProxy;
			containerPortal = 50FC87651B4C2DE5004DEA8E /* Project object */;
			proxyType = 1;
			remoteGlobalIDString = 50FC876C1B4C2DE5004DEA8E;
			remoteInfo = TraxMapKit;
		};
/* End PBXContainerItemProxy section */

/* Begin PBXFileReference section */
		50FC876D1B4C2DE5004DEA8E /* TraxMapKit.app */ = {isa = PBXFileReference; explicitFileType = wrapper.application; includeInIndex = 0; path = TraxMapKit.app; sourceTree = BUILT_PRODUCTS_DIR; };
		50FC87711B4C2DE5004DEA8E /* Info.plist */ = {isa = PBXFileReference; lastKnownFileType = text.plist.xml; path = Info.plist; sourceTree = "<group>"; };
		50FC87721B4C2DE5004DEA8E /* AppDelegate.swift */ = {isa = PBXFileReference; lastKnownFileType = sourcecode.swift; name = AppDelegate.swift; path = TraxMapKit/AppDelegate.swift; sourceTree = "<group>"; };
		50FC87771B4C2DE5004DEA8E /* Base */ = {isa = PBXFileReference; lastKnownFileType = file.storyboard; name = Base; path = Base.lproj/Main.storyboard; sourceTree = "<group>"; };
		50FC87791B4C2DE5004DEA8E /* Images.xcassets */ = {isa = PBXFileReference; lastKnownFileType = folder.assetcatalog; path = Images.xcassets; sourceTree = "<group>"; };
		50FC877C1B4C2DE5004DEA8E /* Base */ = {isa = PBXFileReference; lastKnownFileType = file.xib; name = Base; path = Base.lproj/LaunchScreen.xib; sourceTree = "<group>"; };
		50FC87821B4C2DE5004DEA8E /* TraxMapKitTests.xctest */ = {isa = PBXFileReference; explicitFileType = wrapper.cfbundle; includeInIndex = 0; path = TraxMapKitTests.xctest; sourceTree = BUILT_PRODUCTS_DIR; };
		50FC87871B4C2DE5004DEA8E /* Info.plist */ = {isa = PBXFileReference; lastKnownFileType = text.plist.xml; path = Info.plist; sourceTree = "<group>"; };
		50FC87881B4C2DE6004DEA8E /* TraxMapKitTests.swift */ = {isa = PBXFileReference; lastKnownFileType = sourcecode.swift; path = TraxMapKitTests.swift; sourceTree = "<group>"; };
		50FC87921B4C2EA3004DEA8E /* GPX.swift */ = {isa = PBXFileReference; fileEncoding = 4; lastKnownFileType = sourcecode.swift; path = GPX.swift; sourceTree = "<group>"; };
		50FC87931B4C2EA3004DEA8E /* GPXViewController.swift */ = {isa = PBXFileReference; fileEncoding = 4; lastKnownFileType = sourcecode.swift; name = GPXViewController.swift; path = TraxMapKit/GPXViewController.swift; sourceTree = "<group>"; };
		50FC87941B4C2EA3004DEA8E /* ImageViewController.swift */ = {isa = PBXFileReference; fileEncoding = 4; lastKnownFileType = sourcecode.swift; name = ImageViewController.swift; path = TraxMapKit/ImageViewController.swift; sourceTree = "<group>"; };
		50FC87951B4C2EA3004DEA8E /* MKGPX.swift */ = {isa = PBXFileReference; fileEncoding = 4; lastKnownFileType = sourcecode.swift; name = MKGPX.swift; path = TraxMapKit/MKGPX.swift; sourceTree = "<group>"; };
/* End PBXFileReference section */

/* Begin PBXFrameworksBuildPhase section */
		50FC876A1B4C2DE5004DEA8E /* Frameworks */ = {
			isa = PBXFrameworksBuildPhase;
			buildActionMask = 2147483647;
			files = (
			);
			runOnlyForDeploymentPostprocessing = 0;
		};
		50FC877F1B4C2DE5004DEA8E /* Frameworks */ = {
			isa = PBXFrameworksBuildPhase;
			buildActionMask = 2147483647;
			files = (
			);
			runOnlyForDeploymentPostprocessing = 0;
		};
/* End PBXFrameworksBuildPhase section */

/* Begin PBXGroup section */
		50FC87641B4C2DE4004DEA8E = {
			isa = PBXGroup;
			children = (
				50FC87721B4C2DE5004DEA8E /* AppDelegate.swift */,
				50FC87931B4C2EA3004DEA8E /* GPXViewController.swift */,
				50FC87941B4C2EA3004DEA8E /* ImageViewController.swift */,
				50FC87951B4C2EA3004DEA8E /* MKGPX.swift */,
				50FC876F1B4C2DE5004DEA8E /* TraxMapKit */,
				50FC87851B4C2DE5004DEA8E /* TraxMapKitTests */,
				50FC876E1B4C2DE5004DEA8E /* Products */,
			);
			sourceTree = "<group>";
		};
		50FC876E1B4C2DE5004DEA8E /* Products */ = {
			isa = PBXGroup;
			children = (
				50FC876D1B4C2DE5004DEA8E /* TraxMapKit.app */,
				50FC87821B4C2DE5004DEA8E /* TraxMapKitTests.xctest */,
			);
			name = Products;
			sourceTree = "<group>";
		};
		50FC876F1B4C2DE5004DEA8E /* TraxMapKit */ = {
			isa = PBXGroup;
			children = (
				50FC87761B4C2DE5004DEA8E /* Main.storyboard */,
				50FC87791B4C2DE5004DEA8E /* Images.xcassets */,
				50FC877B1B4C2DE5004DEA8E /* LaunchScreen.xib */,
				50FC87701B4C2DE5004DEA8E /* Supporting Files */,
			);
			path = TraxMapKit;
			sourceTree = "<group>";
		};
		50FC87701B4C2DE5004DEA8E /* Supporting Files */ = {
			isa = PBXGroup;
			children = (
				50FC87921B4C2EA3004DEA8E /* GPX.swift */,
				50FC87711B4C2DE5004DEA8E /* Info.plist */,
			);
			name = "Supporting Files";
			sourceTree = "<group>";
		};
		50FC87851B4C2DE5004DEA8E /* TraxMapKitTests */ = {
			isa = PBXGroup;
			children = (
				50FC87881B4C2DE6004DEA8E /* TraxMapKitTests.swift */,
				50FC87861B4C2DE5004DEA8E /* Supporting Files */,
			);
			path = TraxMapKitTests;
			sourceTree = "<group>";
		};
		50FC87861B4C2DE5004DEA8E /* Supporting Files */ = {
			isa = PBXGroup;
			children = (
				50FC87871B4C2DE5004DEA8E /* Info.plist */,
			);
			name = "Supporting Files";
			sourceTree = "<group>";
		};
/* End PBXGroup section */

/* Begin PBXNativeTarget section */
		50FC876C1B4C2DE5004DEA8E /* TraxMapKit */ = {
			isa = PBXNativeTarget;
			buildConfigurationList = 50FC878C1B4C2DE6004DEA8E /* Build configuration list for PBXNativeTarget "TraxMapKit" */;
			buildPhases = (
				50FC87691B4C2DE5004DEA8E /* Sources */,
				50FC876A1B4C2DE5004DEA8E /* Frameworks */,
				50FC876B1B4C2DE5004DEA8E /* Resources */,
			);
			buildRules = (
			);
			dependencies = (
			);
			name = TraxMapKit;
			productName = TraxMapKit;
			productReference = 50FC876D1B4C2DE5004DEA8E /* TraxMapKit.app */;
			productType = "com.apple.product-type.application";
		};
		50FC87811B4C2DE5004DEA8E /* TraxMapKitTests */ = {
			isa = PBXNativeTarget;
			buildConfigurationList = 50FC878F1B4C2DE6004DEA8E /* Build configuration list for PBXNativeTarget "TraxMapKitTests" */;
			buildPhases = (
				50FC877E1B4C2DE5004DEA8E /* Sources */,
				50FC877F1B4C2DE5004DEA8E /* Frameworks */,
				50FC87801B4C2DE5004DEA8E /* Resources */,
			);
			buildRules = (
			);
			dependencies = (
				50FC87841B4C2DE5004DEA8E /* PBXTargetDependency */,
			);
			name = TraxMapKitTests;
			productName = TraxMapKitTests;
			productReference = 50FC87821B4C2DE5004DEA8E /* TraxMapKitTests.xctest */;
			productType = "com.apple.product-type.bundle.unit-test";
		};
/* End PBXNativeTarget section */

/* Begin PBXProject section */
		50FC87651B4C2DE5004DEA8E /* Project object */ = {
			isa = PBXProject;
			attributes = {
				LastUpgradeCheck = 0630;
				ORGANIZATIONNAME = qingjiezhao;
				TargetAttributes = {
					50FC876C1B4C2DE5004DEA8E = {
						CreatedOnToolsVersion = 6.3.1;
					};
					50FC87811B4C2DE5004DEA8E = {
						CreatedOnToolsVersion = 6.3.1;
						TestTargetID = 50FC876C1B4C2DE5004DEA8E;
					};
				};
			};
			buildConfigurationList = 50FC87681B4C2DE5004DEA8E /* Build configuration list for PBXProject "TraxMapKit" */;
			compatibilityVersion = "Xcode 3.2";
			developmentRegion = English;
			hasScannedForEncodings = 0;
			knownRegions = (
				en,
				Base,
			);
			mainGroup = 50FC87641B4C2DE4004DEA8E;
			productRefGroup = 50FC876E1B4C2DE5004DEA8E /* Products */;
			projectDirPath = "";
			projectRoot = "";
			targets = (
				50FC876C1B4C2DE5004DEA8E /* TraxMapKit */,
				50FC87811B4C2DE5004DEA8E /* TraxMapKitTests */,
			);
		};
/* End PBXProject section */

/* Begin PBXResourcesBuildPhase section */
		50FC876B1B4C2DE5004DEA8E /* Resources */ = {
			isa = PBXResourcesBuildPhase;
			buildActionMask = 2147483647;
			files = (
				50FC87781B4C2DE5004DEA8E /* Main.storyboard in Resources */,
				50FC877D1B4C2DE5004DEA8E /* LaunchScreen.xib in Resources */,
				50FC877A1B4C2DE5004DEA8E /* Images.xcassets in Resources */,
			);
			runOnlyForDeploymentPostprocessing = 0;
		};
		50FC87801B4C2DE5004DEA8E /* Resources */ = {
			isa = PBXResourcesBuildPhase;
			buildActionMask = 2147483647;
			files = (
			);
			runOnlyForDeploymentPostprocessing = 0;
		};
/* End PBXResourcesBuildPhase section */

/* Begin PBXSourcesBuildPhase section */
		50FC87691B4C2DE5004DEA8E /* Sources */ = {
			isa = PBXSourcesBuildPhase;
			buildActionMask = 2147483647;
			files = (
				50FC87981B4C2EA3004DEA8E /* GPXViewController.swift in Sources */,
				50FC87991B4C2EA3004DEA8E /* ImageViewController.swift in Sources */,
				50FC87731B4C2DE5004DEA8E /* AppDelegate.swift in Sources */,
				50FC87971B4C2EA3004DEA8E /* GPX.swift in Sources */,
				50FC879A1B4C2EA3004DEA8E /* MKGPX.swift in Sources */,
			);
			runOnlyForDeploymentPostprocessing = 0;
		};
		50FC877E1B4C2DE5004DEA8E /* Sources */ = {
			isa = PBXSourcesBuildPhase;
			buildActionMask = 2147483647;
			files = (
				50FC87891B4C2DE6004DEA8E /* TraxMapKitTests.swift in Sources */,
			);
			runOnlyForDeploymentPostprocessing = 0;
		};
/* End PBXSourcesBuildPhase section */

/* Begin PBXTargetDependency section */
		50FC87841B4C2DE5004DEA8E /* PBXTargetDependency */ = {
			isa = PBXTargetDependency;
			target = 50FC876C1B4C2DE5004DEA8E /* TraxMapKit */;
			targetProxy = 50FC87831B4C2DE5004DEA8E /* PBXContainerItemProxy */;
		};
/* End PBXTargetDependency section */

/* Begin PBXVariantGroup section */
		50FC87761B4C2DE5004DEA8E /* Main.storyboard */ = {
			isa = PBXVariantGroup;
			children = (
				50FC87771B4C2DE5004DEA8E /* Base */,
			);
			name = Main.storyboard;
			sourceTree = "<group>";
		};
		50FC877B1B4C2DE5004DEA8E /* LaunchScreen.xib */ = {
			isa = PBXVariantGroup;
			children = (
				50FC877C1B4C2DE5004DEA8E /* Base */,
			);
			name = LaunchScreen.xib;
			sourceTree = "<group>";
		};
/* End PBXVariantGroup section */

/* Begin XCBuildConfiguration section */
		50FC878A1B4C2DE6004DEA8E /* Debug */ = {
			isa = XCBuildConfiguration;
			buildSettings = {
				ALWAYS_SEARCH_USER_PATHS = NO;
				CLANG_CXX_LANGUAGE_STANDARD = "gnu++0x";
				CLANG_CXX_LIBRARY = "libc++";
				CLANG_ENABLE_MODULES = YES;
				CLANG_ENABLE_OBJC_ARC = YES;
				CLANG_WARN_BOOL_CONVERSION = YES;
				CLANG_WARN_CONSTANT_CONVERSION = YES;
				CLANG_WARN_DIRECT_OBJC_ISA_USAGE = YES_ERROR;
				CLANG_WARN_EMPTY_BODY = YES;
				CLANG_WARN_ENUM_CONVERSION = YES;
				CLANG_WARN_INT_CONVERSION = YES;
				CLANG_WARN_OBJC_ROOT_CLASS = YES_ERROR;
				CLANG_WARN_UNREACHABLE_CODE = YES;
				CLANG_WARN__DUPLICATE_METHOD_MATCH = YES;
				"CODE_SIGN_IDENTITY[sdk=iphoneos*]" = "iPhone Developer";
				COPY_PHASE_STRIP = NO;
				DEBUG_INFORMATION_FORMAT = "dwarf-with-dsym";
				ENABLE_STRICT_OBJC_MSGSEND = YES;
				GCC_C_LANGUAGE_STANDARD = gnu99;
				GCC_DYNAMIC_NO_PIC = NO;
				GCC_NO_COMMON_BLOCKS = YES;
				GCC_OPTIMIZATION_LEVEL = 0;
				GCC_PREPROCESSOR_DEFINITIONS = (
					"DEBUG=1",
					"$(inherited)",
				);
				GCC_SYMBOLS_PRIVATE_EXTERN = NO;
				GCC_WARN_64_TO_32_BIT_CONVERSION = YES;
				GCC_WARN_ABOUT_RETURN_TYPE = YES_ERROR;
				GCC_WARN_UNDECLARED_SELECTOR = YES;
				GCC_WARN_UNINITIALIZED_AUTOS = YES_AGGRESSIVE;
				GCC_WARN_UNUSED_FUNCTION = YES;
				GCC_WARN_UNUSED_VARIABLE = YES;
				IPHONEOS_DEPLOYMENT_TARGET = 8.3;
				MTL_ENABLE_DEBUG_INFO = YES;
				ONLY_ACTIVE_ARCH = YES;
				SDKROOT = iphoneos;
				SWIFT_OPTIMIZATION_LEVEL = "-Onone";
			};
			name = Debug;
		};
		50FC878B1B4C2DE6004DEA8E /* Release */ = {
			isa = XCBuildConfiguration;
			buildSettings = {
				ALWAYS_SEARCH_USER_PATHS = NO;
				CLANG_CXX_LANGUAGE_STANDARD = "gnu++0x";
				CLANG_CXX_LIBRARY = "libc++";
				CLANG_ENABLE_MODULES = YES;
				CLANG_ENABLE_OBJC_ARC = YES;
				CLANG_WARN_BOOL_CONVERSION = YES;
				CLANG_WARN_CONSTANT_CONVERSION = YES;
				CLANG_WARN_DIRECT_OBJC_ISA_USAGE = YES_ERROR;
				CLANG_WARN_EMPTY_BODY = YES;
				CLANG_WARN_ENUM_CONVERSION = YES;
				CLANG_WARN_INT_CONVERSION = YES;
				CLANG_WARN_OBJC_ROOT_CLASS = YES_ERROR;
				CLANG_WARN_UNREACHABLE_CODE = YES;
				CLANG_WARN__DUPLICATE_METHOD_MATCH = YES;
				"CODE_SIGN_IDENTITY[sdk=iphoneos*]" = "iPhone Developer";
				COPY_PHASE_STRIP = NO;
				DEBUG_INFORMATION_FORMAT = "dwarf-with-dsym";
				ENABLE_NS_ASSERTIONS = NO;
				ENABLE_STRICT_OBJC_MSGSEND = YES;
				GCC_C_LANGUAGE_STANDARD = gnu99;
				GCC_NO_COMMON_BLOCKS = YES;
				GCC_WARN_64_TO_32_BIT_CONVERSION = YES;
				GCC_WARN_ABOUT_RETURN_TYPE = YES_ERROR;
				GCC_WARN_UNDECLARED_SELECTOR = YES;
				GCC_WARN_UNINITIALIZED_AUTOS = YES_AGGRESSIVE;
				GCC_WARN_UNUSED_FUNCTION = YES;
				GCC_WARN_UNUSED_VARIABLE = YES;
				IPHONEOS_DEPLOYMENT_TARGET = 8.3;
				MTL_ENABLE_DEBUG_INFO = NO;
				SDKROOT = iphoneos;
				VALIDATE_PRODUCT = YES;
			};
			name = Release;
		};
		50FC878D1B4C2DE6004DEA8E /* Debug */ = {
			isa = XCBuildConfiguration;
			buildSettings = {
				ASSETCATALOG_COMPILER_APPICON_NAME = AppIcon;
				INFOPLIST_FILE = TraxMapKit/Info.plist;
				LD_RUNPATH_SEARCH_PATHS = "$(inherited) @executable_path/Frameworks";
				PRODUCT_NAME = "$(TARGET_NAME)";
			};
			name = Debug;
		};
		50FC878E1B4C2DE6004DEA8E /* Release */ = {
			isa = XCBuildConfiguration;
			buildSettings = {
				ASSETCATALOG_COMPILER_APPICON_NAME = AppIcon;
				INFOPLIST_FILE = TraxMapKit/Info.plist;
				LD_RUNPATH_SEARCH_PATHS = "$(inherited) @executable_path/Frameworks";
				PRODUCT_NAME = "$(TARGET_NAME)";
			};
			name = Release;
		};
		50FC87901B4C2DE6004DEA8E /* Debug */ = {
			isa = XCBuildConfiguration;
			buildSettings = {
				BUNDLE_LOADER = "$(TEST_HOST)";
				FRAMEWORK_SEARCH_PATHS = (
					"$(SDKROOT)/Developer/Library/Frameworks",
					"$(inherited)",
				);
				GCC_PREPROCESSOR_DEFINITIONS = (
					"DEBUG=1",
					"$(inherited)",
				);
				INFOPLIST_FILE = TraxMapKitTests/Info.plist;
				LD_RUNPATH_SEARCH_PATHS = "$(inherited) @executable_path/Frameworks @loader_path/Frameworks";
				PRODUCT_NAME = "$(TARGET_NAME)";
				TEST_HOST = "$(BUILT_PRODUCTS_DIR)/TraxMapKit.app/TraxMapKit";
			};
			name = Debug;
		};
		50FC87911B4C2DE6004DEA8E /* Release */ = {
			isa = XCBuildConfiguration;
			buildSettings = {
				BUNDLE_LOADER = "$(TEST_HOST)";
				FRAMEWORK_SEARCH_PATHS = (
					"$(SDKROOT)/Developer/Library/Frameworks",
					"$(inherited)",
				);
				INFOPLIST_FILE = TraxMapKitTests/Info.plist;
				LD_RUNPATH_SEARCH_PATHS = "$(inherited) @executable_path/Frameworks @loader_path/Frameworks";
				PRODUCT_NAME = "$(TARGET_NAME)";
				TEST_HOST = "$(BUILT_PRODUCTS_DIR)/TraxMapKit.app/TraxMapKit";
			};
			name = Release;
		};
/* End XCBuildConfiguration section */

/* Begin XCConfigurationList section */
		50FC87681B4C2DE5004DEA8E /* Build configuration list for PBXProject "TraxMapKit" */ = {
			isa = XCConfigurationList;
			buildConfigurations = (
				50FC878A1B4C2DE6004DEA8E /* Debug */,
				50FC878B1B4C2DE6004DEA8E /* Release */,
			);
			defaultConfigurationIsVisible = 0;
			defaultConfigurationName = Release;
		};
		50FC878C1B4C2DE6004DEA8E /* Build configuration list for PBXNativeTarget "TraxMapKit" */ = {
			isa = XCConfigurationList;
			buildConfigurations = (
				50FC878D1B4C2DE6004DEA8E /* Debug */,
				50FC878E1B4C2DE6004DEA8E /* Release */,
			);
			defaultConfigurationIsVisible = 0;
		};
		50FC878F1B4C2DE6004DEA8E /* Build configuration list for PBXNativeTarget "TraxMapKitTests" */ = {
			isa = XCConfigurationList;
			buildConfigurations = (
				50FC87901B4C2DE6004DEA8E /* Debug */,
				50FC87911B4C2DE6004DEA8E /* Release */,
			);
			defaultConfigurationIsVisible = 0;
		};
/* End XCConfigurationList section */
	};
	rootObject = 50FC87651B4C2DE5004DEA8E /* Project object */;
}
